// !$*UTF8*$!
{
	archiveVersion = 1;
	classes = {
	};
	objectVersion = 46;
	objects = {

/* Begin PBXBuildFile section */
		750A1843188ECB4600B39C5F /* Collabrify.framework in Frameworks */ = {isa = PBXBuildFile; fileRef = 750A1842188ECB4600B39C5F /* Collabrify.framework */; };
		750A1846188ECCC400B39C5F /* Collabrify.framework in Frameworks */ = {isa = PBXBuildFile; fileRef = 750A1844188ECB6D00B39C5F /* Collabrify.framework */; };
		751292A61895B7EF006C3147 /* plugin.proto in Resources */ = {isa = PBXBuildFile; fileRef = 751292791895B7EF006C3147 /* plugin.proto */; };
		751292A71895B7EF006C3147 /* descriptor.proto in Resources */ = {isa = PBXBuildFile; fileRef = 7512927E1895B7EF006C3147 /* descriptor.proto */; };
		751292A81895B82A006C3147 /* config.h in Frameworks */ = {isa = PBXBuildFile; fileRef = 8B4DFC851832055F00DF989A /* config.h */; };
		751292AB1895BC58006C3147 /* NSMutableArray+Stack.m in Sources */ = {isa = PBXBuildFile; fileRef = 751292AA1895BC58006C3147 /* NSMutableArray+Stack.m */; };
		8B2F45ED185826A9007407D1 /* SystemConfiguration.framework in Frameworks */ = {isa = PBXBuildFile; fileRef = 8B2F45EC185826A9007407D1 /* SystemConfiguration.framework */; };
		8B3D4C9A183F252E00662CC2 /* libc++.dylib in Frameworks */ = {isa = PBXBuildFile; fileRef = 8B3D4C99183F252E00662CC2 /* libc++.dylib */; };
		8B3D4CB3183F366B00662CC2 /* Collabrify.bundle in Resources */ = {isa = PBXBuildFile; fileRef = 8B3D4CB2183F366B00662CC2 /* Collabrify.bundle */; };
		8B3D4CC61844791F00662CC2 /* CITListSessionsTableViewController.m in Sources */ = {isa = PBXBuildFile; fileRef = 8B3D4CC51844791F00662CC2 /* CITListSessionsTableViewController.m */; };
		8B4DFBD6183204E300DF989A /* Foundation.framework in Frameworks */ = {isa = PBXBuildFile; fileRef = 8B4DFBD5183204E300DF989A /* Foundation.framework */; };
		8B4DFBD8183204E300DF989A /* CoreGraphics.framework in Frameworks */ = {isa = PBXBuildFile; fileRef = 8B4DFBD7183204E300DF989A /* CoreGraphics.framework */; };
		8B4DFBDA183204E300DF989A /* UIKit.framework in Frameworks */ = {isa = PBXBuildFile; fileRef = 8B4DFBD9183204E300DF989A /* UIKit.framework */; };
		8B4DFBE0183204E400DF989A /* InfoPlist.strings in Resources */ = {isa = PBXBuildFile; fileRef = 8B4DFBDE183204E400DF989A /* InfoPlist.strings */; };
		8B4DFBE2183204E400DF989A /* main.m in Sources */ = {isa = PBXBuildFile; fileRef = 8B4DFBE1183204E400DF989A /* main.m */; };
		8B4DFBE6183204E400DF989A /* CITAppDelegate.m in Sources */ = {isa = PBXBuildFile; fileRef = 8B4DFBE5183204E400DF989A /* CITAppDelegate.m */; };
		8B4DFBE9183204E400DF989A /* Main.storyboard in Resources */ = {isa = PBXBuildFile; fileRef = 8B4DFBE7183204E400DF989A /* Main.storyboard */; };
		8B4DFBEC183204E400DF989A /* CITViewController.m in Sources */ = {isa = PBXBuildFile; fileRef = 8B4DFBEB183204E400DF989A /* CITViewController.m */; };
		8B4DFBEE183204E400DF989A /* Images.xcassets in Resources */ = {isa = PBXBuildFile; fileRef = 8B4DFBED183204E400DF989A /* Images.xcassets */; };
		8B4DFBF5183204E400DF989A /* XCTest.framework in Frameworks */ = {isa = PBXBuildFile; fileRef = 8B4DFBF4183204E400DF989A /* XCTest.framework */; };
		8B4DFBF6183204E400DF989A /* Foundation.framework in Frameworks */ = {isa = PBXBuildFile; fileRef = 8B4DFBD5183204E300DF989A /* Foundation.framework */; };
		8B4DFBF7183204E400DF989A /* UIKit.framework in Frameworks */ = {isa = PBXBuildFile; fileRef = 8B4DFBD9183204E300DF989A /* UIKit.framework */; };
		8B4DFBFF183204E400DF989A /* InfoPlist.strings in Resources */ = {isa = PBXBuildFile; fileRef = 8B4DFBFD183204E400DF989A /* InfoPlist.strings */; };
		8B4DFC01183204E400DF989A /* CollabrifyTestTests.m in Sources */ = {isa = PBXBuildFile; fileRef = 8B4DFC00183204E400DF989A /* CollabrifyTestTests.m */; };
		8B9733EC1870A598008E49C3 /* libprotobuf.a in Frameworks */ = {isa = PBXBuildFile; fileRef = 8B9733EB1870A598008E49C3 /* libprotobuf.a */; };
/* End PBXBuildFile section */

/* Begin PBXContainerItemProxy section */
		8B4DFBF8183204E400DF989A /* PBXContainerItemProxy */ = {
			isa = PBXContainerItemProxy;
			containerPortal = 8B4DFBCA183204E300DF989A /* Project object */;
			proxyType = 1;
			remoteGlobalIDString = 8B4DFBD1183204E300DF989A;
			remoteInfo = CollabrifyTest;
		};
/* End PBXContainerItemProxy section */

/* Begin PBXFileReference section */
		750A1842188ECB4600B39C5F /* Collabrify.framework */ = {isa = PBXFileReference; lastKnownFileType = wrapper.framework; path = Collabrify.framework; sourceTree = "<group>"; };
		750A1844188ECB6D00B39C5F /* Collabrify.framework */ = {isa = PBXFileReference; lastKnownFileType = wrapper.framework; name = Collabrify.framework; path = "../Collabrify iOS/Collabrify.framework"; sourceTree = "<group>"; };
		750A1847188ECCCF00B39C5F /* libprotobuf.a */ = {isa = PBXFileReference; lastKnownFileType = archive.ar; name = libprotobuf.a; path = "../Collabrify iOS/libprotobuf.a"; sourceTree = "<group>"; };
		750A1849188ECCF100B39C5F /* config.h */ = {isa = PBXFileReference; lastKnownFileType = sourcecode.c.h; name = config.h; path = "../Collabrify iOS/config.h"; sourceTree = "<group>"; };
		7512926F1895B7EF006C3147 /* code_generator.h */ = {isa = PBXFileReference; fileEncoding = 4; lastKnownFileType = sourcecode.c.h; path = code_generator.h; sourceTree = "<group>"; };
		751292701895B7EF006C3147 /* command_line_interface.h */ = {isa = PBXFileReference; fileEncoding = 4; lastKnownFileType = sourcecode.c.h; path = command_line_interface.h; sourceTree = "<group>"; };
		751292721895B7EF006C3147 /* cpp_generator.h */ = {isa = PBXFileReference; fileEncoding = 4; lastKnownFileType = sourcecode.c.h; path = cpp_generator.h; sourceTree = "<group>"; };
		751292731895B7EF006C3147 /* importer.h */ = {isa = PBXFileReference; fileEncoding = 4; lastKnownFileType = sourcecode.c.h; path = importer.h; sourceTree = "<group>"; };
		751292751895B7EF006C3147 /* java_generator.h */ = {isa = PBXFileReference; fileEncoding = 4; lastKnownFileType = sourcecode.c.h; path = java_generator.h; sourceTree = "<group>"; };
		751292761895B7EF006C3147 /* parser.h */ = {isa = PBXFileReference; fileEncoding = 4; lastKnownFileType = sourcecode.c.h; path = parser.h; sourceTree = "<group>"; };
		751292771895B7EF006C3147 /* plugin.h */ = {isa = PBXFileReference; fileEncoding = 4; lastKnownFileType = sourcecode.c.h; path = plugin.h; sourceTree = "<group>"; };
		751292781895B7EF006C3147 /* plugin.pb.h */ = {isa = PBXFileReference; fileEncoding = 4; lastKnownFileType = sourcecode.c.h; path = plugin.pb.h; sourceTree = "<group>"; };
		751292791895B7EF006C3147 /* plugin.proto */ = {isa = PBXFileReference; fileEncoding = 4; lastKnownFileType = text; path = plugin.proto; sourceTree = "<group>"; };
		7512927B1895B7EF006C3147 /* python_generator.h */ = {isa = PBXFileReference; fileEncoding = 4; lastKnownFileType = sourcecode.c.h; path = python_generator.h; sourceTree = "<group>"; };
		7512927C1895B7EF006C3147 /* descriptor.h */ = {isa = PBXFileReference; fileEncoding = 4; lastKnownFileType = sourcecode.c.h; path = descriptor.h; sourceTree = "<group>"; };
		7512927D1895B7EF006C3147 /* descriptor.pb.h */ = {isa = PBXFileReference; fileEncoding = 4; lastKnownFileType = sourcecode.c.h; path = descriptor.pb.h; sourceTree = "<group>"; };
		7512927E1895B7EF006C3147 /* descriptor.proto */ = {isa = PBXFileReference; fileEncoding = 4; lastKnownFileType = text; path = descriptor.proto; sourceTree = "<group>"; };
		7512927F1895B7EF006C3147 /* descriptor_database.h */ = {isa = PBXFileReference; fileEncoding = 4; lastKnownFileType = sourcecode.c.h; path = descriptor_database.h; sourceTree = "<group>"; };
		751292801895B7EF006C3147 /* dynamic_message.h */ = {isa = PBXFileReference; fileEncoding = 4; lastKnownFileType = sourcecode.c.h; path = dynamic_message.h; sourceTree = "<group>"; };
		751292811895B7EF006C3147 /* extension_set.h */ = {isa = PBXFileReference; fileEncoding = 4; lastKnownFileType = sourcecode.c.h; path = extension_set.h; sourceTree = "<group>"; };
		751292821895B7EF006C3147 /* generated_enum_reflection.h */ = {isa = PBXFileReference; fileEncoding = 4; lastKnownFileType = sourcecode.c.h; path = generated_enum_reflection.h; sourceTree = "<group>"; };
		751292831895B7EF006C3147 /* generated_message_reflection.h */ = {isa = PBXFileReference; fileEncoding = 4; lastKnownFileType = sourcecode.c.h; path = generated_message_reflection.h; sourceTree = "<group>"; };
		751292841895B7EF006C3147 /* generated_message_util.h */ = {isa = PBXFileReference; fileEncoding = 4; lastKnownFileType = sourcecode.c.h; path = generated_message_util.h; sourceTree = "<group>"; };
		751292861895B7EF006C3147 /* coded_stream.h */ = {isa = PBXFileReference; fileEncoding = 4; lastKnownFileType = sourcecode.c.h; path = coded_stream.h; sourceTree = "<group>"; };
		751292871895B7EF006C3147 /* gzip_stream.h */ = {isa = PBXFileReference; fileEncoding = 4; lastKnownFileType = sourcecode.c.h; path = gzip_stream.h; sourceTree = "<group>"; };
		751292881895B7EF006C3147 /* printer.h */ = {isa = PBXFileReference; fileEncoding = 4; lastKnownFileType = sourcecode.c.h; path = printer.h; sourceTree = "<group>"; };
		751292891895B7EF006C3147 /* tokenizer.h */ = {isa = PBXFileReference; fileEncoding = 4; lastKnownFileType = sourcecode.c.h; path = tokenizer.h; sourceTree = "<group>"; };
		7512928A1895B7EF006C3147 /* zero_copy_stream.h */ = {isa = PBXFileReference; fileEncoding = 4; lastKnownFileType = sourcecode.c.h; path = zero_copy_stream.h; sourceTree = "<group>"; };
		7512928B1895B7EF006C3147 /* zero_copy_stream_impl.h */ = {isa = PBXFileReference; fileEncoding = 4; lastKnownFileType = sourcecode.c.h; path = zero_copy_stream_impl.h; sourceTree = "<group>"; };
		7512928C1895B7EF006C3147 /* zero_copy_stream_impl_lite.h */ = {isa = PBXFileReference; fileEncoding = 4; lastKnownFileType = sourcecode.c.h; path = zero_copy_stream_impl_lite.h; sourceTree = "<group>"; };
		7512928D1895B7EF006C3147 /* message.h */ = {isa = PBXFileReference; fileEncoding = 4; lastKnownFileType = sourcecode.c.h; path = message.h; sourceTree = "<group>"; };
		7512928E1895B7EF006C3147 /* message_lite.h */ = {isa = PBXFileReference; fileEncoding = 4; lastKnownFileType = sourcecode.c.h; path = message_lite.h; sourceTree = "<group>"; };
		7512928F1895B7EF006C3147 /* reflection_ops.h */ = {isa = PBXFileReference; fileEncoding = 4; lastKnownFileType = sourcecode.c.h; path = reflection_ops.h; sourceTree = "<group>"; };
		751292901895B7EF006C3147 /* repeated_field.h */ = {isa = PBXFileReference; fileEncoding = 4; lastKnownFileType = sourcecode.c.h; path = repeated_field.h; sourceTree = "<group>"; };
		751292911895B7EF006C3147 /* service.h */ = {isa = PBXFileReference; fileEncoding = 4; lastKnownFileType = sourcecode.c.h; path = service.h; sourceTree = "<group>"; };
		751292931895B7EF006C3147 /* atomicops.h */ = {isa = PBXFileReference; fileEncoding = 4; lastKnownFileType = sourcecode.c.h; path = atomicops.h; sourceTree = "<group>"; };
		751292941895B7EF006C3147 /* atomicops_internals_arm_gcc.h */ = {isa = PBXFileReference; fileEncoding = 4; lastKnownFileType = sourcecode.c.h; path = atomicops_internals_arm_gcc.h; sourceTree = "<group>"; };
		751292951895B7EF006C3147 /* atomicops_internals_arm_qnx.h */ = {isa = PBXFileReference; fileEncoding = 4; lastKnownFileType = sourcecode.c.h; path = atomicops_internals_arm_qnx.h; sourceTree = "<group>"; };
		751292961895B7EF006C3147 /* atomicops_internals_atomicword_compat.h */ = {isa = PBXFileReference; fileEncoding = 4; lastKnownFileType = sourcecode.c.h; path = atomicops_internals_atomicword_compat.h; sourceTree = "<group>"; };
		751292971895B7EF006C3147 /* atomicops_internals_macosx.h */ = {isa = PBXFileReference; fileEncoding = 4; lastKnownFileType = sourcecode.c.h; path = atomicops_internals_macosx.h; sourceTree = "<group>"; };
		751292981895B7EF006C3147 /* atomicops_internals_mips_gcc.h */ = {isa = PBXFileReference; fileEncoding = 4; lastKnownFileType = sourcecode.c.h; path = atomicops_internals_mips_gcc.h; sourceTree = "<group>"; };
		751292991895B7EF006C3147 /* atomicops_internals_pnacl.h */ = {isa = PBXFileReference; fileEncoding = 4; lastKnownFileType = sourcecode.c.h; path = atomicops_internals_pnacl.h; sourceTree = "<group>"; };
		7512929A1895B7EF006C3147 /* atomicops_internals_x86_gcc.h */ = {isa = PBXFileReference; fileEncoding = 4; lastKnownFileType = sourcecode.c.h; path = atomicops_internals_x86_gcc.h; sourceTree = "<group>"; };
		7512929B1895B7EF006C3147 /* atomicops_internals_x86_msvc.h */ = {isa = PBXFileReference; fileEncoding = 4; lastKnownFileType = sourcecode.c.h; path = atomicops_internals_x86_msvc.h; sourceTree = "<group>"; };
		7512929C1895B7EF006C3147 /* common.h */ = {isa = PBXFileReference; fileEncoding = 4; lastKnownFileType = sourcecode.c.h; path = common.h; sourceTree = "<group>"; };
		7512929D1895B7EF006C3147 /* once.h */ = {isa = PBXFileReference; fileEncoding = 4; lastKnownFileType = sourcecode.c.h; path = once.h; sourceTree = "<group>"; };
		7512929E1895B7EF006C3147 /* platform_macros.h */ = {isa = PBXFileReference; fileEncoding = 4; lastKnownFileType = sourcecode.c.h; path = platform_macros.h; sourceTree = "<group>"; };
		7512929F1895B7EF006C3147 /* template_util.h */ = {isa = PBXFileReference; fileEncoding = 4; lastKnownFileType = sourcecode.c.h; path = template_util.h; sourceTree = "<group>"; };
		751292A01895B7EF006C3147 /* type_traits.h */ = {isa = PBXFileReference; fileEncoding = 4; lastKnownFileType = sourcecode.c.h; path = type_traits.h; sourceTree = "<group>"; };
		751292A11895B7EF006C3147 /* text_format.h */ = {isa = PBXFileReference; fileEncoding = 4; lastKnownFileType = sourcecode.c.h; path = text_format.h; sourceTree = "<group>"; };
		751292A21895B7EF006C3147 /* unknown_field_set.h */ = {isa = PBXFileReference; fileEncoding = 4; lastKnownFileType = sourcecode.c.h; path = unknown_field_set.h; sourceTree = "<group>"; };
		751292A31895B7EF006C3147 /* wire_format.h */ = {isa = PBXFileReference; fileEncoding = 4; lastKnownFileType = sourcecode.c.h; path = wire_format.h; sourceTree = "<group>"; };
		751292A41895B7EF006C3147 /* wire_format_lite.h */ = {isa = PBXFileReference; fileEncoding = 4; lastKnownFileType = sourcecode.c.h; path = wire_format_lite.h; sourceTree = "<group>"; };
		751292A51895B7EF006C3147 /* wire_format_lite_inl.h */ = {isa = PBXFileReference; fileEncoding = 4; lastKnownFileType = sourcecode.c.h; path = wire_format_lite_inl.h; sourceTree = "<group>"; };
		751292A91895BC58006C3147 /* NSMutableArray+Stack.h */ = {isa = PBXFileReference; fileEncoding = 4; lastKnownFileType = sourcecode.c.h; path = "NSMutableArray+Stack.h"; sourceTree = "<group>"; };
		751292AA1895BC58006C3147 /* NSMutableArray+Stack.m */ = {isa = PBXFileReference; fileEncoding = 4; lastKnownFileType = sourcecode.c.objc; path = "NSMutableArray+Stack.m"; sourceTree = "<group>"; };
		8B2F45EC185826A9007407D1 /* SystemConfiguration.framework */ = {isa = PBXFileReference; lastKnownFileType = wrapper.framework; name = SystemConfiguration.framework; path = System/Library/Frameworks/SystemConfiguration.framework; sourceTree = SDKROOT; };
		8B3D4C99183F252E00662CC2 /* libc++.dylib */ = {isa = PBXFileReference; lastKnownFileType = "compiled.mach-o.dylib"; name = "libc++.dylib"; path = "usr/lib/libc++.dylib"; sourceTree = SDKROOT; };
		8B3D4CB2183F366B00662CC2 /* Collabrify.bundle */ = {isa = PBXFileReference; lastKnownFileType = "wrapper.plug-in"; path = Collabrify.bundle; sourceTree = "<group>"; };
		8B3D4CC41844791F00662CC2 /* CITListSessionsTableViewController.h */ = {isa = PBXFileReference; fileEncoding = 4; lastKnownFileType = sourcecode.c.h; path = CITListSessionsTableViewController.h; sourceTree = "<group>"; };
		8B3D4CC51844791F00662CC2 /* CITListSessionsTableViewController.m */ = {isa = PBXFileReference; fileEncoding = 4; lastKnownFileType = sourcecode.c.objc; path = CITListSessionsTableViewController.m; sourceTree = "<group>"; };
		8B4DFBD2183204E300DF989A /* CollabrifyTest.app */ = {isa = PBXFileReference; explicitFileType = wrapper.application; includeInIndex = 0; path = CollabrifyTest.app; sourceTree = BUILT_PRODUCTS_DIR; };
		8B4DFBD5183204E300DF989A /* Foundation.framework */ = {isa = PBXFileReference; lastKnownFileType = wrapper.framework; name = Foundation.framework; path = System/Library/Frameworks/Foundation.framework; sourceTree = SDKROOT; };
		8B4DFBD7183204E300DF989A /* CoreGraphics.framework */ = {isa = PBXFileReference; lastKnownFileType = wrapper.framework; name = CoreGraphics.framework; path = System/Library/Frameworks/CoreGraphics.framework; sourceTree = SDKROOT; };
		8B4DFBD9183204E300DF989A /* UIKit.framework */ = {isa = PBXFileReference; lastKnownFileType = wrapper.framework; name = UIKit.framework; path = System/Library/Frameworks/UIKit.framework; sourceTree = SDKROOT; };
		8B4DFBDD183204E400DF989A /* CollabrifyTest-Info.plist */ = {isa = PBXFileReference; lastKnownFileType = text.plist.xml; path = "CollabrifyTest-Info.plist"; sourceTree = "<group>"; };
		8B4DFBDF183204E400DF989A /* en */ = {isa = PBXFileReference; lastKnownFileType = text.plist.strings; name = en; path = en.lproj/InfoPlist.strings; sourceTree = "<group>"; };
		8B4DFBE1183204E400DF989A /* main.m */ = {isa = PBXFileReference; lastKnownFileType = sourcecode.c.objc; path = main.m; sourceTree = "<group>"; };
		8B4DFBE3183204E400DF989A /* CollabrifyTest-Prefix.pch */ = {isa = PBXFileReference; lastKnownFileType = sourcecode.c.h; path = "CollabrifyTest-Prefix.pch"; sourceTree = "<group>"; };
		8B4DFBE4183204E400DF989A /* CITAppDelegate.h */ = {isa = PBXFileReference; lastKnownFileType = sourcecode.c.h; path = CITAppDelegate.h; sourceTree = "<group>"; };
		8B4DFBE5183204E400DF989A /* CITAppDelegate.m */ = {isa = PBXFileReference; lastKnownFileType = sourcecode.c.objc; path = CITAppDelegate.m; sourceTree = "<group>"; };
		8B4DFBE8183204E400DF989A /* Base */ = {isa = PBXFileReference; lastKnownFileType = file.storyboard; name = Base; path = Base.lproj/Main.storyboard; sourceTree = "<group>"; };
		8B4DFBEA183204E400DF989A /* CITViewController.h */ = {isa = PBXFileReference; lastKnownFileType = sourcecode.c.h; path = CITViewController.h; sourceTree = "<group>"; };
		8B4DFBEB183204E400DF989A /* CITViewController.m */ = {isa = PBXFileReference; lastKnownFileType = sourcecode.c.objc; path = CITViewController.m; sourceTree = "<group>"; };
		8B4DFBED183204E400DF989A /* Images.xcassets */ = {isa = PBXFileReference; lastKnownFileType = folder.assetcatalog; path = Images.xcassets; sourceTree = "<group>"; };
		8B4DFBF3183204E400DF989A /* CollabrifyTestTests.xctest */ = {isa = PBXFileReference; explicitFileType = wrapper.cfbundle; includeInIndex = 0; path = CollabrifyTestTests.xctest; sourceTree = BUILT_PRODUCTS_DIR; };
		8B4DFBF4183204E400DF989A /* XCTest.framework */ = {isa = PBXFileReference; lastKnownFileType = wrapper.framework; name = XCTest.framework; path = Library/Frameworks/XCTest.framework; sourceTree = DEVELOPER_DIR; };
		8B4DFBFC183204E400DF989A /* CollabrifyTestTests-Info.plist */ = {isa = PBXFileReference; lastKnownFileType = text.plist.xml; path = "CollabrifyTestTests-Info.plist"; sourceTree = "<group>"; };
		8B4DFBFE183204E400DF989A /* en */ = {isa = PBXFileReference; lastKnownFileType = text.plist.strings; name = en; path = en.lproj/InfoPlist.strings; sourceTree = "<group>"; };
		8B4DFC00183204E400DF989A /* CollabrifyTestTests.m */ = {isa = PBXFileReference; lastKnownFileType = sourcecode.c.objc; path = CollabrifyTestTests.m; sourceTree = "<group>"; };
		8B4DFC851832055F00DF989A /* config.h */ = {isa = PBXFileReference; fileEncoding = 4; lastKnownFileType = sourcecode.c.h; path = config.h; sourceTree = "<group>"; };
		8B9733EB1870A598008E49C3 /* libprotobuf.a */ = {isa = PBXFileReference; lastKnownFileType = archive.ar; path = libprotobuf.a; sourceTree = "<group>"; };
/* End PBXFileReference section */

/* Begin PBXFrameworksBuildPhase section */
		8B4DFBCF183204E300DF989A /* Frameworks */ = {
			isa = PBXFrameworksBuildPhase;
			buildActionMask = 2147483647;
			files = (
				8B2F45ED185826A9007407D1 /* SystemConfiguration.framework in Frameworks */,
				750A1843188ECB4600B39C5F /* Collabrify.framework in Frameworks */,
				8B3D4C9A183F252E00662CC2 /* libc++.dylib in Frameworks */,
				751292A81895B82A006C3147 /* config.h in Frameworks */,
				750A1846188ECCC400B39C5F /* Collabrify.framework in Frameworks */,
				8B9733EC1870A598008E49C3 /* libprotobuf.a in Frameworks */,
				8B4DFBDA183204E300DF989A /* UIKit.framework in Frameworks */,
				8B4DFBD8183204E300DF989A /* CoreGraphics.framework in Frameworks */,
				8B4DFBD6183204E300DF989A /* Foundation.framework in Frameworks */,
			);
			runOnlyForDeploymentPostprocessing = 0;
		};
		8B4DFBF0183204E400DF989A /* Frameworks */ = {
			isa = PBXFrameworksBuildPhase;
			buildActionMask = 2147483647;
			files = (
				8B4DFBF5183204E400DF989A /* XCTest.framework in Frameworks */,
				8B4DFBF7183204E400DF989A /* UIKit.framework in Frameworks */,
				8B4DFBF6183204E400DF989A /* Foundation.framework in Frameworks */,
			);
			runOnlyForDeploymentPostprocessing = 0;
		};
/* End PBXFrameworksBuildPhase section */

/* Begin PBXGroup section */
		7512926B1895B7EF006C3147 /* Google Protocol Buffers */ = {
			isa = PBXGroup;
			children = (
				7512926C1895B7EF006C3147 /* google */,
			);
			name = "Google Protocol Buffers";
			path = "CollabrifyTest/Google Protocol Buffers";
			sourceTree = "<group>";
		};
		7512926C1895B7EF006C3147 /* google */ = {
			isa = PBXGroup;
			children = (
				7512926D1895B7EF006C3147 /* protobuf */,
			);
			path = google;
			sourceTree = "<group>";
		};
		7512926D1895B7EF006C3147 /* protobuf */ = {
			isa = PBXGroup;
			children = (
				7512926E1895B7EF006C3147 /* compiler */,
				7512927C1895B7EF006C3147 /* descriptor.h */,
				7512927D1895B7EF006C3147 /* descriptor.pb.h */,
				7512927E1895B7EF006C3147 /* descriptor.proto */,
				7512927F1895B7EF006C3147 /* descriptor_database.h */,
				751292801895B7EF006C3147 /* dynamic_message.h */,
				751292811895B7EF006C3147 /* extension_set.h */,
				751292821895B7EF006C3147 /* generated_enum_reflection.h */,
				751292831895B7EF006C3147 /* generated_message_reflection.h */,
				751292841895B7EF006C3147 /* generated_message_util.h */,
				751292851895B7EF006C3147 /* io */,
				7512928D1895B7EF006C3147 /* message.h */,
				7512928E1895B7EF006C3147 /* message_lite.h */,
				7512928F1895B7EF006C3147 /* reflection_ops.h */,
				751292901895B7EF006C3147 /* repeated_field.h */,
				751292911895B7EF006C3147 /* service.h */,
				751292921895B7EF006C3147 /* stubs */,
				751292A11895B7EF006C3147 /* text_format.h */,
				751292A21895B7EF006C3147 /* unknown_field_set.h */,
				751292A31895B7EF006C3147 /* wire_format.h */,
				751292A41895B7EF006C3147 /* wire_format_lite.h */,
				751292A51895B7EF006C3147 /* wire_format_lite_inl.h */,
			);
			path = protobuf;
			sourceTree = "<group>";
		};
		7512926E1895B7EF006C3147 /* compiler */ = {
			isa = PBXGroup;
			children = (
				7512926F1895B7EF006C3147 /* code_generator.h */,
				751292701895B7EF006C3147 /* command_line_interface.h */,
				751292711895B7EF006C3147 /* cpp */,
				751292731895B7EF006C3147 /* importer.h */,
				751292741895B7EF006C3147 /* java */,
				751292761895B7EF006C3147 /* parser.h */,
				751292771895B7EF006C3147 /* plugin.h */,
				751292781895B7EF006C3147 /* plugin.pb.h */,
				751292791895B7EF006C3147 /* plugin.proto */,
				7512927A1895B7EF006C3147 /* python */,
			);
			path = compiler;
			sourceTree = "<group>";
		};
		751292711895B7EF006C3147 /* cpp */ = {
			isa = PBXGroup;
			children = (
				751292721895B7EF006C3147 /* cpp_generator.h */,
			);
			path = cpp;
			sourceTree = "<group>";
		};
		751292741895B7EF006C3147 /* java */ = {
			isa = PBXGroup;
			children = (
				751292751895B7EF006C3147 /* java_generator.h */,
			);
			path = java;
			sourceTree = "<group>";
		};
		7512927A1895B7EF006C3147 /* python */ = {
			isa = PBXGroup;
			children = (
				7512927B1895B7EF006C3147 /* python_generator.h */,
			);
			path = python;
			sourceTree = "<group>";
		};
		751292851895B7EF006C3147 /* io */ = {
			isa = PBXGroup;
			children = (
				751292861895B7EF006C3147 /* coded_stream.h */,
				751292871895B7EF006C3147 /* gzip_stream.h */,
				751292881895B7EF006C3147 /* printer.h */,
				751292891895B7EF006C3147 /* tokenizer.h */,
				7512928A1895B7EF006C3147 /* zero_copy_stream.h */,
				7512928B1895B7EF006C3147 /* zero_copy_stream_impl.h */,
				7512928C1895B7EF006C3147 /* zero_copy_stream_impl_lite.h */,
			);
			path = io;
			sourceTree = "<group>";
		};
		751292921895B7EF006C3147 /* stubs */ = {
			isa = PBXGroup;
			children = (
				751292931895B7EF006C3147 /* atomicops.h */,
				751292941895B7EF006C3147 /* atomicops_internals_arm_gcc.h */,
				751292951895B7EF006C3147 /* atomicops_internals_arm_qnx.h */,
				751292961895B7EF006C3147 /* atomicops_internals_atomicword_compat.h */,
				751292971895B7EF006C3147 /* atomicops_internals_macosx.h */,
				751292981895B7EF006C3147 /* atomicops_internals_mips_gcc.h */,
				751292991895B7EF006C3147 /* atomicops_internals_pnacl.h */,
				7512929A1895B7EF006C3147 /* atomicops_internals_x86_gcc.h */,
				7512929B1895B7EF006C3147 /* atomicops_internals_x86_msvc.h */,
				7512929C1895B7EF006C3147 /* common.h */,
				7512929D1895B7EF006C3147 /* once.h */,
				7512929E1895B7EF006C3147 /* platform_macros.h */,
				7512929F1895B7EF006C3147 /* template_util.h */,
				751292A01895B7EF006C3147 /* type_traits.h */,
			);
			path = stubs;
			sourceTree = "<group>";
		};
		8B3D4CA1183F29C700662CC2 /* iPad */ = {
			isa = PBXGroup;
			children = (
			);
			name = iPad;
			sourceTree = "<group>";
		};
		8B4DFBC9183204E300DF989A = {
			isa = PBXGroup;
			children = (
				7512926B1895B7EF006C3147 /* Google Protocol Buffers */,
				750A1842188ECB4600B39C5F /* Collabrify.framework */,
				8B4DFBDB183204E300DF989A /* CollabrifyTest */,
				8B4DFBFA183204E400DF989A /* CollabrifyTestTests */,
				8B4DFBD4183204E300DF989A /* Frameworks */,
				8B4DFBD3183204E300DF989A /* Products */,
			);
			sourceTree = "<group>";
		};
		8B4DFBD3183204E300DF989A /* Products */ = {
			isa = PBXGroup;
			children = (
				8B4DFBD2183204E300DF989A /* CollabrifyTest.app */,
				8B4DFBF3183204E400DF989A /* CollabrifyTestTests.xctest */,
			);
			name = Products;
			sourceTree = "<group>";
		};
		8B4DFBD4183204E300DF989A /* Frameworks */ = {
			isa = PBXGroup;
			children = (
				750A1849188ECCF100B39C5F /* config.h */,
				750A1847188ECCCF00B39C5F /* libprotobuf.a */,
				750A1844188ECB6D00B39C5F /* Collabrify.framework */,
				8B2F45EC185826A9007407D1 /* SystemConfiguration.framework */,
				8B3D4C99183F252E00662CC2 /* libc++.dylib */,
				8B9733EB1870A598008E49C3 /* libprotobuf.a */,
				8B4DFBD5183204E300DF989A /* Foundation.framework */,
				8B4DFBD7183204E300DF989A /* CoreGraphics.framework */,
				8B4DFBD9183204E300DF989A /* UIKit.framework */,
				8B4DFBF4183204E400DF989A /* XCTest.framework */,
			);
			name = Frameworks;
			sourceTree = "<group>";
		};
		8B4DFBDB183204E300DF989A /* CollabrifyTest */ = {
			isa = PBXGroup;
			children = (
				751292A91895BC58006C3147 /* NSMutableArray+Stack.h */,
				751292AA1895BC58006C3147 /* NSMutableArray+Stack.m */,
				8B3D4CA1183F29C700662CC2 /* iPad */,
				8B4DFBE4183204E400DF989A /* CITAppDelegate.h */,
				8B4DFBE5183204E400DF989A /* CITAppDelegate.m */,
				8B4DFBE7183204E400DF989A /* Main.storyboard */,
				8B4DFBEA183204E400DF989A /* CITViewController.h */,
				8B4DFBEB183204E400DF989A /* CITViewController.m */,
				8B3D4CC41844791F00662CC2 /* CITListSessionsTableViewController.h */,
				8B3D4CC51844791F00662CC2 /* CITListSessionsTableViewController.m */,
				8B4DFC851832055F00DF989A /* config.h */,
				8B4DFBED183204E400DF989A /* Images.xcassets */,
				8B4DFBDC183204E400DF989A /* Supporting Files */,
			);
			path = CollabrifyTest;
			sourceTree = "<group>";
		};
		8B4DFBDC183204E400DF989A /* Supporting Files */ = {
			isa = PBXGroup;
			children = (
				8B3D4CB2183F366B00662CC2 /* Collabrify.bundle */,
				8B4DFBDD183204E400DF989A /* CollabrifyTest-Info.plist */,
				8B4DFBDE183204E400DF989A /* InfoPlist.strings */,
				8B4DFBE1183204E400DF989A /* main.m */,
				8B4DFBE3183204E400DF989A /* CollabrifyTest-Prefix.pch */,
			);
			name = "Supporting Files";
			sourceTree = "<group>";
		};
		8B4DFBFA183204E400DF989A /* CollabrifyTestTests */ = {
			isa = PBXGroup;
			children = (
				8B4DFC00183204E400DF989A /* CollabrifyTestTests.m */,
				8B4DFBFB183204E400DF989A /* Supporting Files */,
			);
			path = CollabrifyTestTests;
			sourceTree = "<group>";
		};
		8B4DFBFB183204E400DF989A /* Supporting Files */ = {
			isa = PBXGroup;
			children = (
				8B4DFBFC183204E400DF989A /* CollabrifyTestTests-Info.plist */,
				8B4DFBFD183204E400DF989A /* InfoPlist.strings */,
			);
			name = "Supporting Files";
			sourceTree = "<group>";
		};
/* End PBXGroup section */

/* Begin PBXNativeTarget section */
		8B4DFBD1183204E300DF989A /* CollabrifyTest */ = {
			isa = PBXNativeTarget;
			buildConfigurationList = 8B4DFC04183204E400DF989A /* Build configuration list for PBXNativeTarget "CollabrifyTest" */;
			buildPhases = (
				8B4DFBCE183204E300DF989A /* Sources */,
				8B4DFBCF183204E300DF989A /* Frameworks */,
				8B4DFBD0183204E300DF989A /* Resources */,
			);
			buildRules = (
			);
			dependencies = (
			);
			name = CollabrifyTest;
			productName = CollabrifyTest;
			productReference = 8B4DFBD2183204E300DF989A /* CollabrifyTest.app */;
			productType = "com.apple.product-type.application";
		};
		8B4DFBF2183204E400DF989A /* CollabrifyTestTests */ = {
			isa = PBXNativeTarget;
			buildConfigurationList = 8B4DFC07183204E400DF989A /* Build configuration list for PBXNativeTarget "CollabrifyTestTests" */;
			buildPhases = (
				8B4DFBEF183204E400DF989A /* Sources */,
				8B4DFBF0183204E400DF989A /* Frameworks */,
				8B4DFBF1183204E400DF989A /* Resources */,
			);
			buildRules = (
			);
			dependencies = (
				8B4DFBF9183204E400DF989A /* PBXTargetDependency */,
			);
			name = CollabrifyTestTests;
			productName = CollabrifyTestTests;
			productReference = 8B4DFBF3183204E400DF989A /* CollabrifyTestTests.xctest */;
			productType = "com.apple.product-type.bundle.unit-test";
		};
/* End PBXNativeTarget section */

/* Begin PBXProject section */
		8B4DFBCA183204E300DF989A /* Project object */ = {
			isa = PBXProject;
			attributes = {
				CLASSPREFIX = CIT;
				LastUpgradeCheck = 0500;
				ORGANIZATIONNAME = Collabrify.it;
				TargetAttributes = {
					8B4DFBD1183204E300DF989A = {
						DevelopmentTeam = 9GLG7HDQ8N;
					};
					8B4DFBF2183204E400DF989A = {
						TestTargetID = 8B4DFBD1183204E300DF989A;
					};
				};
			};
			buildConfigurationList = 8B4DFBCD183204E300DF989A /* Build configuration list for PBXProject "CollabrifyTest" */;
			compatibilityVersion = "Xcode 3.2";
			developmentRegion = English;
			hasScannedForEncodings = 0;
			knownRegions = (
				en,
				Base,
			);
			mainGroup = 8B4DFBC9183204E300DF989A;
			productRefGroup = 8B4DFBD3183204E300DF989A /* Products */;
			projectDirPath = "";
			projectRoot = "";
			targets = (
				8B4DFBD1183204E300DF989A /* CollabrifyTest */,
				8B4DFBF2183204E400DF989A /* CollabrifyTestTests */,
			);
		};
/* End PBXProject section */

/* Begin PBXResourcesBuildPhase section */
		8B4DFBD0183204E300DF989A /* Resources */ = {
			isa = PBXResourcesBuildPhase;
			buildActionMask = 2147483647;
			files = (
				8B4DFBEE183204E400DF989A /* Images.xcassets in Resources */,
				8B3D4CB3183F366B00662CC2 /* Collabrify.bundle in Resources */,
				8B4DFBE0183204E400DF989A /* InfoPlist.strings in Resources */,
				751292A61895B7EF006C3147 /* plugin.proto in Resources */,
				8B4DFBE9183204E400DF989A /* Main.storyboard in Resources */,
				751292A71895B7EF006C3147 /* descriptor.proto in Resources */,
			);
			runOnlyForDeploymentPostprocessing = 0;
		};
		8B4DFBF1183204E400DF989A /* Resources */ = {
			isa = PBXResourcesBuildPhase;
			buildActionMask = 2147483647;
			files = (
				8B4DFBFF183204E400DF989A /* InfoPlist.strings in Resources */,
			);
			runOnlyForDeploymentPostprocessing = 0;
		};
/* End PBXResourcesBuildPhase section */

/* Begin PBXSourcesBuildPhase section */
		8B4DFBCE183204E300DF989A /* Sources */ = {
			isa = PBXSourcesBuildPhase;
			buildActionMask = 2147483647;
			files = (
				8B4DFBE2183204E400DF989A /* main.m in Sources */,
				751292AB1895BC58006C3147 /* NSMutableArray+Stack.m in Sources */,
				8B3D4CC61844791F00662CC2 /* CITListSessionsTableViewController.m in Sources */,
				8B4DFBEC183204E400DF989A /* CITViewController.m in Sources */,
				8B4DFBE6183204E400DF989A /* CITAppDelegate.m in Sources */,
			);
			runOnlyForDeploymentPostprocessing = 0;
		};
		8B4DFBEF183204E400DF989A /* Sources */ = {
			isa = PBXSourcesBuildPhase;
			buildActionMask = 2147483647;
			files = (
				8B4DFC01183204E400DF989A /* CollabrifyTestTests.m in Sources */,
			);
			runOnlyForDeploymentPostprocessing = 0;
		};
/* End PBXSourcesBuildPhase section */

/* Begin PBXTargetDependency section */
		8B4DFBF9183204E400DF989A /* PBXTargetDependency */ = {
			isa = PBXTargetDependency;
			target = 8B4DFBD1183204E300DF989A /* CollabrifyTest */;
			targetProxy = 8B4DFBF8183204E400DF989A /* PBXContainerItemProxy */;
		};
/* End PBXTargetDependency section */

/* Begin PBXVariantGroup section */
		8B4DFBDE183204E400DF989A /* InfoPlist.strings */ = {
			isa = PBXVariantGroup;
			children = (
				8B4DFBDF183204E400DF989A /* en */,
			);
			name = InfoPlist.strings;
			sourceTree = "<group>";
		};
		8B4DFBE7183204E400DF989A /* Main.storyboard */ = {
			isa = PBXVariantGroup;
			children = (
				8B4DFBE8183204E400DF989A /* Base */,
			);
			name = Main.storyboard;
			sourceTree = "<group>";
		};
		8B4DFBFD183204E400DF989A /* InfoPlist.strings */ = {
			isa = PBXVariantGroup;
			children = (
				8B4DFBFE183204E400DF989A /* en */,
			);
			name = InfoPlist.strings;
			sourceTree = "<group>";
		};
/* End PBXVariantGroup section */

/* Begin XCBuildConfiguration section */
		8B4DFC02183204E400DF989A /* Debug */ = {
			isa = XCBuildConfiguration;
			buildSettings = {
				ALWAYS_SEARCH_USER_PATHS = NO;
				ARCHS = "$(ARCHS_STANDARD_INCLUDING_64_BIT)";
				CLANG_CXX_LANGUAGE_STANDARD = "gnu++0x";
				CLANG_CXX_LIBRARY = "libc++";
				CLANG_ENABLE_MODULES = YES;
				CLANG_ENABLE_OBJC_ARC = YES;
				CLANG_WARN_BOOL_CONVERSION = YES;
				CLANG_WARN_CONSTANT_CONVERSION = YES;
				CLANG_WARN_DIRECT_OBJC_ISA_USAGE = YES_ERROR;
				CLANG_WARN_EMPTY_BODY = YES;
				CLANG_WARN_ENUM_CONVERSION = YES;
				CLANG_WARN_INT_CONVERSION = YES;
				CLANG_WARN_OBJC_ROOT_CLASS = YES_ERROR;
				CLANG_WARN__DUPLICATE_METHOD_MATCH = YES;
				"CODE_SIGN_IDENTITY[sdk=iphoneos*]" = "iPhone Developer";
				COPY_PHASE_STRIP = NO;
				GCC_C_LANGUAGE_STANDARD = gnu99;
				GCC_DYNAMIC_NO_PIC = NO;
				GCC_OPTIMIZATION_LEVEL = 0;
				GCC_PREPROCESSOR_DEFINITIONS = (
					"DEBUG=1",
					"$(inherited)",
				);
				GCC_SYMBOLS_PRIVATE_EXTERN = NO;
				GCC_WARN_64_TO_32_BIT_CONVERSION = YES;
				GCC_WARN_ABOUT_RETURN_TYPE = YES_ERROR;
				GCC_WARN_UNDECLARED_SELECTOR = YES;
				GCC_WARN_UNINITIALIZED_AUTOS = YES;
				GCC_WARN_UNUSED_FUNCTION = YES;
				GCC_WARN_UNUSED_VARIABLE = YES;
				IPHONEOS_DEPLOYMENT_TARGET = 7.0;
				ONLY_ACTIVE_ARCH = YES;
				OTHER_LDFLAGS = "";
				SDKROOT = iphoneos;
				VALID_ARCHS = "arm64 armv7 armv7s i386";
			};
			name = Debug;
		};
		8B4DFC03183204E400DF989A /* Release */ = {
			isa = XCBuildConfiguration;
			buildSettings = {
				ALWAYS_SEARCH_USER_PATHS = NO;
				ARCHS = "$(ARCHS_STANDARD_INCLUDING_64_BIT)";
				CLANG_CXX_LANGUAGE_STANDARD = "gnu++0x";
				CLANG_CXX_LIBRARY = "libc++";
				CLANG_ENABLE_MODULES = YES;
				CLANG_ENABLE_OBJC_ARC = YES;
				CLANG_WARN_BOOL_CONVERSION = YES;
				CLANG_WARN_CONSTANT_CONVERSION = YES;
				CLANG_WARN_DIRECT_OBJC_ISA_USAGE = YES_ERROR;
				CLANG_WARN_EMPTY_BODY = YES;
				CLANG_WARN_ENUM_CONVERSION = YES;
				CLANG_WARN_INT_CONVERSION = YES;
				CLANG_WARN_OBJC_ROOT_CLASS = YES_ERROR;
				CLANG_WARN__DUPLICATE_METHOD_MATCH = YES;
				"CODE_SIGN_IDENTITY[sdk=iphoneos*]" = "iPhone Developer";
				COPY_PHASE_STRIP = YES;
				ENABLE_NS_ASSERTIONS = NO;
				GCC_C_LANGUAGE_STANDARD = gnu99;
				GCC_WARN_64_TO_32_BIT_CONVERSION = YES;
				GCC_WARN_ABOUT_RETURN_TYPE = YES_ERROR;
				GCC_WARN_UNDECLARED_SELECTOR = YES;
				GCC_WARN_UNINITIALIZED_AUTOS = YES;
				GCC_WARN_UNUSED_FUNCTION = YES;
				GCC_WARN_UNUSED_VARIABLE = YES;
				IPHONEOS_DEPLOYMENT_TARGET = 7.0;
				OTHER_LDFLAGS = "";
				SDKROOT = iphoneos;
				VALIDATE_PRODUCT = YES;
				VALID_ARCHS = "arm64 armv7 armv7s i386";
			};
			name = Release;
		};
		8B4DFC05183204E400DF989A /* Debug */ = {
			isa = XCBuildConfiguration;
			buildSettings = {
				ASSETCATALOG_COMPILER_APPICON_NAME = AppIcon;
				ASSETCATALOG_COMPILER_LAUNCHIMAGE_NAME = LaunchImage;
				CODE_SIGN_IDENTITY = "iPhone Developer";
				"CODE_SIGN_IDENTITY[sdk=iphoneos*]" = "iPhone Developer";
				FRAMEWORK_SEARCH_PATHS = (
					"$(inherited)",
					"/Users/bknope/Developer/Work/collabrify-client-ios/Collabrify/build/Debug-iphoneos",
					/Users/yangshuo/Documents/2014Winter/EECS441/p1/CollabrifyTest,
					"/Users/yangshuo/Documents/2014Winter/EECS441/p1/Collabrify\\ iOS",
				);
				GCC_PRECOMPILE_PREFIX_HEADER = YES;
				GCC_PREFIX_HEADER = "CollabrifyTest/CollabrifyTest-Prefix.pch";
				HEADER_SEARCH_PATHS = (
					"$(inherited)",
					/Applications/Xcode.app/Contents/Developer/Toolchains/XcodeDefault.xctoolchain/usr/include,
					"\"$(SRCROOT)/CollabrifyTest/Google Protocol Buffers\"",
				);
				INFOPLIST_FILE = "CollabrifyTest/CollabrifyTest-Info.plist";
				IPHONEOS_DEPLOYMENT_TARGET = 6.1;
				LIBRARY_SEARCH_PATHS = (
					"$(inherited)",
					/Users/bknope/Developer/Work/CollabrifyTest,
					"/Users/yangshuo/Documents/2014Winter/EECS441/p1/Collabrify\\ iOS",
				);
				PRODUCT_NAME = "$(TARGET_NAME)";
				PROVISIONING_PROFILE = "";
				TARGETED_DEVICE_FAMILY = 1;
				WRAPPER_EXTENSION = app;
			};
			name = Debug;
		};
		8B4DFC06183204E400DF989A /* Release */ = {
			isa = XCBuildConfiguration;
			buildSettings = {
				ASSETCATALOG_COMPILER_APPICON_NAME = AppIcon;
				ASSETCATALOG_COMPILER_LAUNCHIMAGE_NAME = LaunchImage;
				CODE_SIGN_IDENTITY = "iPhone Developer";
				"CODE_SIGN_IDENTITY[sdk=iphoneos*]" = "iPhone Developer";
				FRAMEWORK_SEARCH_PATHS = (
					"$(inherited)",
					"/Users/bknope/Developer/Work/collabrify-client-ios/Collabrify/build/Debug-iphoneos",
					/Users/yangshuo/Documents/2014Winter/EECS441/p1/CollabrifyTest,
					"/Users/yangshuo/Documents/2014Winter/EECS441/p1/Collabrify\\ iOS",
				);
				GCC_PRECOMPILE_PREFIX_HEADER = YES;
				GCC_PREFIX_HEADER = "CollabrifyTest/CollabrifyTest-Prefix.pch";
				HEADER_SEARCH_PATHS = (
					"$(inherited)",
					/Applications/Xcode.app/Contents/Developer/Toolchains/XcodeDefault.xctoolchain/usr/include,
					"\"$(SRCROOT)/CollabrifyTest/Google Protocol Buffers\"",
				);
				INFOPLIST_FILE = "CollabrifyTest/CollabrifyTest-Info.plist";
				IPHONEOS_DEPLOYMENT_TARGET = 6.1;
				LIBRARY_SEARCH_PATHS = (
					"$(inherited)",
					/Users/bknope/Developer/Work/CollabrifyTest,
					"/Users/yangshuo/Documents/2014Winter/EECS441/p1/Collabrify\\ iOS",
				);
				PRODUCT_NAME = "$(TARGET_NAME)";
				PROVISIONING_PROFILE = "";
				TARGETED_DEVICE_FAMILY = 1;
				WRAPPER_EXTENSION = app;
			};
			name = Release;
		};
		8B4DFC08183204E400DF989A /* Debug */ = {
			isa = XCBuildConfiguration;
			buildSettings = {
				ARCHS = "$(ARCHS_STANDARD_INCLUDING_64_BIT)";
				BUNDLE_LOADER = "$(BUILT_PRODUCTS_DIR)/CollabrifyTest.app/CollabrifyTest";
				FRAMEWORK_SEARCH_PATHS = (
					"$(SDKROOT)/Developer/Library/Frameworks",
					"$(inherited)",
					"$(DEVELOPER_FRAMEWORKS_DIR)",
				);
				GCC_PRECOMPILE_PREFIX_HEADER = YES;
				GCC_PREFIX_HEADER = "CollabrifyTest/CollabrifyTest-Prefix.pch";
				GCC_PREPROCESSOR_DEFINITIONS = (
					"DEBUG=1",
					"$(inherited)",
				);
				INFOPLIST_FILE = "CollabrifyTestTests/CollabrifyTestTests-Info.plist";
				PRODUCT_NAME = "$(TARGET_NAME)";
				TEST_HOST = "$(BUNDLE_LOADER)";
				WRAPPER_EXTENSION = xctest;
			};
			name = Debug;
		};
		8B4DFC09183204E400DF989A /* Release */ = {
			isa = XCBuildConfiguration;
			buildSettings = {
				ARCHS = "$(ARCHS_STANDARD_INCLUDING_64_BIT)";
				BUNDLE_LOADER = "$(BUILT_PRODUCTS_DIR)/CollabrifyTest.app/CollabrifyTest";
				FRAMEWORK_SEARCH_PATHS = (
					"$(SDKROOT)/Developer/Library/Frameworks",
					"$(inherited)",
					"$(DEVELOPER_FRAMEWORKS_DIR)",
				);
				GCC_PRECOMPILE_PREFIX_HEADER = YES;
				GCC_PREFIX_HEADER = "CollabrifyTest/CollabrifyTest-Prefix.pch";
				INFOPLIST_FILE = "CollabrifyTestTests/CollabrifyTestTests-Info.plist";
				PRODUCT_NAME = "$(TARGET_NAME)";
				TEST_HOST = "$(BUNDLE_LOADER)";
				WRAPPER_EXTENSION = xctest;
			};
			name = Release;
		};
/* End XCBuildConfiguration section */

/* Begin XCConfigurationList section */
		8B4DFBCD183204E300DF989A /* Build configuration list for PBXProject "CollabrifyTest" */ = {
			isa = XCConfigurationList;
			buildConfigurations = (
				8B4DFC02183204E400DF989A /* Debug */,
				8B4DFC03183204E400DF989A /* Release */,
			);
			defaultConfigurationIsVisible = 0;
			defaultConfigurationName = Release;
		};
		8B4DFC04183204E400DF989A /* Build configuration list for PBXNativeTarget "CollabrifyTest" */ = {
			isa = XCConfigurationList;
			buildConfigurations = (
				8B4DFC05183204E400DF989A /* Debug */,
				8B4DFC06183204E400DF989A /* Release */,
			);
			defaultConfigurationIsVisible = 0;
			defaultConfigurationName = Release;
		};
		8B4DFC07183204E400DF989A /* Build configuration list for PBXNativeTarget "CollabrifyTestTests" */ = {
			isa = XCConfigurationList;
			buildConfigurations = (
				8B4DFC08183204E400DF989A /* Debug */,
				8B4DFC09183204E400DF989A /* Release */,
			);
			defaultConfigurationIsVisible = 0;
			defaultConfigurationName = Release;
		};
/* End XCConfigurationList section */
	};
	rootObject = 8B4DFBCA183204E300DF989A /* Project object */;
}
